{
  "lockfile_version": "1",
  "packages": {
    "coreutils@9.6": {
      "last_modified": "2025-04-17T05:47:26Z",
      "resolved": "github:NixOS/nixpkgs/ebe4301cbd8f81c4f8d3244b3632338bbeb6d49c#coreutils",
      "source": "devbox-search",
      "version": "9.6",
      "systems": {
        "aarch64-darwin": {
          "outputs": [
            {
              "name": "out",
              "path": "/nix/store/r9y8p97lcpm3kn03jsp157qr3kjhbxyh-coreutils-9.6",
              "default": true
            },
            {
              "name": "info",
              "path": "/nix/store/h1jw31m6jii5kndx3sxqn79wlppa3gqn-coreutils-9.6-info"
            }
          ],
          "store_path": "/nix/store/r9y8p97lcpm3kn03jsp157qr3kjhbxyh-coreutils-9.6"
        },
        "aarch64-linux": {
          "outputs": [
            {
              "name": "out",
              "path": "/nix/store/zfwaliz66856jv0dm10b2miy1krnx5p7-coreutils-9.6",
              "default": true
            },
            {
              "name": "debug",
              "path": "/nix/store/0bw9z4w1ji3p4s3fkiazsyjg2l44m37v-coreutils-9.6-debug"
            },
            {
              "name": "info",
              "path": "/nix/store/4fsz8fn9m2v325zwbbn8w6dkjxrgnssz-coreutils-9.6-info"
            }
          ],
          "store_path": "/nix/store/zfwaliz66856jv0dm10b2miy1krnx5p7-coreutils-9.6"
        },
        "x86_64-darwin": {
          "outputs": [
            {
              "name": "out",
              "path": "/nix/store/4zj8zn4r000ydbm1nv3lyr6dfqkgcbmw-coreutils-9.6",
              "default": true
            },
            {
              "name": "info",
              "path": "/nix/store/pxnmw7x46594xkwx8x75sjk6wn5p37p4-coreutils-9.6-info"
            }
          ],
          "store_path": "/nix/store/4zj8zn4r000ydbm1nv3lyr6dfqkgcbmw-coreutils-9.6"
        },
        "x86_64-linux": {
          "outputs": [
            {
              "name": "out",
              "path": "/nix/store/h5rn37dd6vfvr9xb0jq85sq8hf6xchry-coreutils-9.6",
              "default": true
            },
            {
              "name": "info",
              "path": "/nix/store/i60bl9mvpn32ch312p0bll6455swb1aa-coreutils-9.6-info"
            },
            {
              "name": "debug",
              "path": "/nix/store/pq5ffz4lgybwy1g4apkrxgjazh0xpy0g-coreutils-9.6-debug"
            }
          ],
          "store_path": "/nix/store/h5rn37dd6vfvr9xb0jq85sq8hf6xchry-coreutils-9.6"
        }
      }
    },
    "curl@8.12.1": {
      "last_modified": "2025-05-15T12:36:28Z",
      "resolved": "github:NixOS/nixpkgs/b1bebd0fe266bbd1820019612ead889e96a8fa2d#curl",
      "source": "devbox-search",
      "version": "8.12.1",
      "systems": {
        "aarch64-darwin": {
          "outputs": [
            {
              "name": "bin",
              "path": "/nix/store/p51mkvggmkdm8zdkrc1ac7nmfa68d9ws-curl-8.12.1-bin",
              "default": true
            },
            {
              "name": "man",
              "path": "/nix/store/z19x615fdwrfdp7phx59sgd5x68jxvs0-curl-8.12.1-man",
              "default": true
            },
            {
              "name": "dev",
              "path": "/nix/store/0hp0c21b9xbk4ir0064snnlf7dg673hp-curl-8.12.1-dev"
            },
            {
              "name": "devdoc",
              "path": "/nix/store/03cl1rqji2zm21ba0ly2f1gwr07jwbzi-curl-8.12.1-devdoc"
            },
            {
              "name": "out",
              "path": "/nix/store/rw43p7s3g8lhij64zh2x8xc6h21baq2h-curl-8.12.1"
            }
          ],
          "store_path": "/nix/store/p51mkvggmkdm8zdkrc1ac7nmfa68d9ws-curl-8.12.1-bin"
        },
        "aarch64-linux": {
          "outputs": [
            {
              "name": "bin",
              "path": "/nix/store/dxrl9vhmfb9shd1kgp79hvlfyfh7psc7-curl-8.12.1-bin",
              "default": true
            },
            {
              "name": "man",
              "path": "/nix/store/gprhm2f4idl1m27npgbf9xwwagsqny2a-curl-8.12.1-man",
              "default": true
            },
            {
              "name": "debug",
              "path": "/nix/store/qbwjrk5f3wlkbhfgmi0bgl22pxbxqzsh-curl-8.12.1-debug"
            },
            {
              "name": "dev",
              "path": "/nix/store/sq7jjlp73zxm6miyakrf3mxlj5krzy5d-curl-8.12.1-dev"
            },
            {
              "name": "devdoc",
              "path": "/nix/store/l6bzkv5lkpcszqpmqx7g863p42a11db3-curl-8.12.1-devdoc"
            },
            {
              "name": "out",
              "path": "/nix/store/5g6wxkca01pckx6dirmrcc4zz44rdqzw-curl-8.12.1"
            }
          ],
          "store_path": "/nix/store/dxrl9vhmfb9shd1kgp79hvlfyfh7psc7-curl-8.12.1-bin"
        },
        "x86_64-darwin": {
          "outputs": [
            {
              "name": "bin",
              "path": "/nix/store/2bas4v73jd5bwdh32k5mrvlsv3r2db8x-curl-8.12.1-bin",
              "default": true
            },
            {
              "name": "man",
              "path": "/nix/store/b8w3s9pdafw4vfkg9i6c4n1pdcm9q07h-curl-8.12.1-man",
              "default": true
            },
            {
              "name": "dev",
              "path": "/nix/store/rvf6f292mffrghc7zppdqj6vdda6awfc-curl-8.12.1-dev"
            },
            {
              "name": "devdoc",
              "path": "/nix/store/qv3v1axchmi5h5g034qs19dvgvb6vylb-curl-8.12.1-devdoc"
            },
            {
              "name": "out",
              "path": "/nix/store/s36zhjg43zrpblybl8xyyylvycp3b8l5-curl-8.12.1"
            }
          ],
          "store_path": "/nix/store/2bas4v73jd5bwdh32k5mrvlsv3r2db8x-curl-8.12.1-bin"
        },
        "x86_64-linux": {
          "outputs": [
            {
              "name": "bin",
              "path": "/nix/store/lr1pnwv3l0ks6w5fbl7yn80lskgaksi6-curl-8.12.1-bin",
              "default": true
            },
            {
              "name": "man",
              "path": "/nix/store/21rp1hagmp3rm2xhdfr9w07wq4az4izz-curl-8.12.1-man",
              "default": true
            },
            {
              "name": "out",
              "path": "/nix/store/056kf3y6n9q5i7gdiynwdj6wrmb7b4kx-curl-8.12.1"
            },
            {
              "name": "debug",
              "path": "/nix/store/z8vi84kn4iggy5m9f1xyi59y5ffw7sdh-curl-8.12.1-debug"
            },
            {
              "name": "dev",
              "path": "/nix/store/4m8ys00i0vsj756l5ldsz5hyv993rrvh-curl-8.12.1-dev"
            },
            {
              "name": "devdoc",
              "path": "/nix/store/ajpg29z9hy1rfga6b9yqkgf65nsnihys-curl-8.12.1-devdoc"
            }
          ],
          "store_path": "/nix/store/lr1pnwv3l0ks6w5fbl7yn80lskgaksi6-curl-8.12.1-bin"
        }
      }
    },
    "git@2.48.1": {
      "last_modified": "2025-03-11T17:52:14Z",
      "resolved": "github:NixOS/nixpkgs/0d534853a55b5d02a4ababa1d71921ce8f0aee4c#git",
      "source": "devbox-search",
      "version": "2.48.1",
      "systems": {
        "aarch64-darwin": {
          "outputs": [
            {
              "name": "out",
              "path": "/nix/store/b3sci30zzzlj3rzj1y89cijnd6zcwapk-git-2.48.1",
              "default": true
            },
            {
              "name": "doc",
              "path": "/nix/store/086knqdw7fjgzczp0i6nad95s2v6jbya-git-2.48.1-doc"
            }
          ],
          "store_path": "/nix/store/b3sci30zzzlj3rzj1y89cijnd6zcwapk-git-2.48.1"
        },
        "aarch64-linux": {
          "outputs": [
            {
              "name": "out",
              "path": "/nix/store/pck1dr5jxrd5b8nmfasbn13z422jhcfm-git-2.48.1",
              "default": true
            },
            {
              "name": "debug",
              "path": "/nix/store/xqqsvzlilh843rm6knykyng81apapr33-git-2.48.1-debug"
            },
            {
              "name": "doc",
              "path": "/nix/store/485b32ys0s2dvjfisn7405ildmpqvfzk-git-2.48.1-doc"
            }
          ],
          "store_path": "/nix/store/pck1dr5jxrd5b8nmfasbn13z422jhcfm-git-2.48.1"
        },
        "x86_64-darwin": {
          "outputs": [
            {
              "name": "out",
              "path": "/nix/store/9qjzgsf9mvdp6sfd7xyzhgrahl2qhhp6-git-2.48.1",
              "default": true
            },
            {
              "name": "doc",
              "path": "/nix/store/cgv7qa0ix059ma9a0qac0bywfvl3k7k2-git-2.48.1-doc"
            }
          ],
          "store_path": "/nix/store/9qjzgsf9mvdp6sfd7xyzhgrahl2qhhp6-git-2.48.1"
        },
        "x86_64-linux": {
          "outputs": [
            {
              "name": "out",
              "path": "/nix/store/lqx2rv26sdndpa2vyy2vxsahj03km69z-git-2.48.1",
              "default": true
            },
            {
              "name": "doc",
              "path": "/nix/store/hjczhs1dm3hzij7mx5c91rkzqvkb89av-git-2.48.1-doc"
            },
            {
              "name": "debug",
              "path": "/nix/store/bk8xndavdnc2qgyvc6hcc8h29lk9jzqb-git-2.48.1-debug"
            }
          ],
          "store_path": "/nix/store/lqx2rv26sdndpa2vyy2vxsahj03km69z-git-2.48.1"
        }
      }
    },
    "gnumake@4.4.1": {
      "last_modified": "2025-06-20T02:24:11Z",
      "resolved": "github:NixOS/nixpkgs/076e8c6678d8c54204abcb4b1b14c366835a58bb#gnumake",
      "source": "devbox-search",
      "version": "4.4.1",
      "systems": {
        "aarch64-darwin": {
          "outputs": [
            {
              "name": "out",
              "path": "/nix/store/r7m07s173xa5nlii49999m0666i4sh27-gnumake-4.4.1",
              "default": true
            },
            {
              "name": "man",
              "path": "/nix/store/dk7vh49s82kl68y3pv4b5glmz31xh255-gnumake-4.4.1-man",
              "default": true
            },
            {
              "name": "info",
              "path": "/nix/store/39c179hnw4w0y9pikjxm9zvrsq9wxs6q-gnumake-4.4.1-info"
            }
          ],
          "store_path": "/nix/store/r7m07s173xa5nlii49999m0666i4sh27-gnumake-4.4.1"
        },
        "aarch64-linux": {
          "outputs": [
            {
              "name": "out",
              "path": "/nix/store/1yr3fp9z2a6bnfxyrg9r9a50cn0fgs1c-gnumake-4.4.1",
              "default": true
            },
            {
              "name": "man",
              "path": "/nix/store/8p351d8fiirsppiz0mmjanp4k40k8fb5-gnumake-4.4.1-man",
              "default": true
            },
            {
              "name": "debug",
              "path": "/nix/store/5n3plbn2w3my72ji83f3ffg1rykcj09m-gnumake-4.4.1-debug"
            },
            {
              "name": "info",
              "path": "/nix/store/yahicgkv1xprlqv6nlgzdyfivqmghpbi-gnumake-4.4.1-info"
            }
          ],
          "store_path": "/nix/store/1yr3fp9z2a6bnfxyrg9r9a50cn0fgs1c-gnumake-4.4.1"
        },
        "x86_64-darwin": {
          "outputs": [
            {
              "name": "out",
              "path": "/nix/store/m9l6dyxvkzlawlsb56gmj40ahlvhyg02-gnumake-4.4.1",
              "default": true
            },
            {
              "name": "man",
              "path": "/nix/store/fhf8z0n0qdrzim6jckj0kib749skibp7-gnumake-4.4.1-man",
              "default": true
            },
            {
              "name": "info",
              "path": "/nix/store/27x32j1ild76cv8aw3v89x0vzkz57g9b-gnumake-4.4.1-info"
            }
          ],
          "store_path": "/nix/store/m9l6dyxvkzlawlsb56gmj40ahlvhyg02-gnumake-4.4.1"
        },
        "x86_64-linux": {
          "outputs": [
            {
              "name": "out",
              "path": "/nix/store/20ljlr4fvln0pd2xcrhy6bm27bk1dnc7-gnumake-4.4.1",
              "default": true
            },
            {
              "name": "man",
              "path": "/nix/store/ylv36wr8356r4ff02nlw1h70cigx582h-gnumake-4.4.1-man",
              "default": true
            },
            {
              "name": "debug",
              "path": "/nix/store/6z5kdrm4iz98knwcf6bzkrrdnfc0y521-gnumake-4.4.1-debug"
            },
            {
              "name": "info",
              "path": "/nix/store/qjwiip462nkv8dand7zql6np4plzk8rq-gnumake-4.4.1-info"
            }
          ],
          "store_path": "/nix/store/20ljlr4fvln0pd2xcrhy6bm27bk1dnc7-gnumake-4.4.1"
        }
      }
    },
    "go@1.24.4": {
      "last_modified": "2025-06-20T02:24:11Z",
      "resolved": "github:NixOS/nixpkgs/076e8c6678d8c54204abcb4b1b14c366835a58bb#go",
      "source": "devbox-search",
      "version": "1.24.4",
      "systems": {
        "aarch64-darwin": {
          "outputs": [
            {
              "name": "out",
              "path": "/nix/store/rq7irijkj3nhapmjcv9d96xgkisj55x2-go-1.24.4",
              "default": true
            }
          ],
          "store_path": "/nix/store/rq7irijkj3nhapmjcv9d96xgkisj55x2-go-1.24.4"
        },
        "aarch64-linux": {
          "outputs": [
            {
              "name": "out",
              "path": "/nix/store/9f64p4ip4iz2nba4wyhn1baq6b6pb6ss-go-1.24.4",
              "default": true
            }
          ],
          "store_path": "/nix/store/9f64p4ip4iz2nba4wyhn1baq6b6pb6ss-go-1.24.4"
        },
        "x86_64-darwin": {
          "outputs": [
            {
              "name": "out",
              "path": "/nix/store/n0gqcdpdk0ap2ikasi36r0szwpk2g35q-go-1.24.4",
              "default": true
            }
          ],
          "store_path": "/nix/store/n0gqcdpdk0ap2ikasi36r0szwpk2g35q-go-1.24.4"
        },
        "x86_64-linux": {
          "outputs": [
            {
              "name": "out",
              "path": "/nix/store/mdn9hnvf0qmxywbrpbywmxww2adxdn5v-go-1.24.4",
              "default": true
            }
          ],
          "store_path": "/nix/store/mdn9hnvf0qmxywbrpbywmxww2adxdn5v-go-1.24.4"
        }
      }
    },
    "goimports@2021-01-13": {
      "last_modified": "2022-02-15T04:21:50Z",
      "resolved": "github:NixOS/nixpkgs/3a641defd170a4ef25ce8c7c64cb13f91f867fca#goimports",
      "source": "devbox-search",
      "version": "2021-01-13"
    },
    "golangci-lint@2.1.6": {
      "last_modified": "2025-06-20T02:24:11Z",
      "resolved": "github:NixOS/nixpkgs/076e8c6678d8c54204abcb4b1b14c366835a58bb#golangci-lint",
      "source": "devbox-search",
      "version": "2.1.6",
      "systems": {
        "aarch64-darwin": {
          "outputs": [
            {
              "name": "out",
              "path": "/nix/store/5z49nhvzp7i2p66w5kcc6gp88mf6ykm2-golangci-lint-2.1.6",
              "default": true
            }
          ],
          "store_path": "/nix/store/5z49nhvzp7i2p66w5kcc6gp88mf6ykm2-golangci-lint-2.1.6"
        },
        "aarch64-linux": {
          "outputs": [
            {
              "name": "out",
              "path": "/nix/store/xzgnibdhl6n685dhf51bpnvk54scq73b-golangci-lint-2.1.6",
              "default": true
            }
          ],
          "store_path": "/nix/store/xzgnibdhl6n685dhf51bpnvk54scq73b-golangci-lint-2.1.6"
        },
        "x86_64-darwin": {
          "outputs": [
            {
              "name": "out",
              "path": "/nix/store/np9mm9awpdf0sf8yxfa6bx79b4khx9yy-golangci-lint-2.1.6",
              "default": true
            }
          ],
          "store_path": "/nix/store/np9mm9awpdf0sf8yxfa6bx79b4khx9yy-golangci-lint-2.1.6"
        },
        "x86_64-linux": {
          "outputs": [
            {
              "name": "out",
              "path": "/nix/store/drzafhdvgw211wf6rrm0wq7wf0g47m8j-golangci-lint-2.1.6",
              "default": true
            }
          ],
          "store_path": "/nix/store/drzafhdvgw211wf6rrm0wq7wf0g47m8j-golangci-lint-2.1.6"
        }
      }
    },
    "govulncheck@1.1.4": {
      "last_modified": "2025-06-20T02:24:11Z",
      "resolved": "github:NixOS/nixpkgs/076e8c6678d8c54204abcb4b1b14c366835a58bb#govulncheck",
      "source": "devbox-search",
      "version": "1.1.4",
      "systems": {
        "aarch64-darwin": {
          "outputs": [
            {
              "name": "out",
              "path": "/nix/store/3sibk0xay3jncsayvk9bh3bb0wiqib2r-govulncheck-1.1.4",
              "default": true
            }
          ],
          "store_path": "/nix/store/3sibk0xay3jncsayvk9bh3bb0wiqib2r-govulncheck-1.1.4"
        },
        "aarch64-linux": {
          "outputs": [
            {
              "name": "out",
              "path": "/nix/store/f90gg124a216wlgqdkdbdqq4pghmi4li-govulncheck-1.1.4",
              "default": true
            }
          ],
          "store_path": "/nix/store/f90gg124a216wlgqdkdbdqq4pghmi4li-govulncheck-1.1.4"
        },
        "x86_64-darwin": {
          "outputs": [
            {
              "name": "out",
              "path": "/nix/store/fcfpbi757yhx440d5waay0p883jzanp3-govulncheck-1.1.4",
              "default": true
            }
          ],
          "store_path": "/nix/store/fcfpbi757yhx440d5waay0p883jzanp3-govulncheck-1.1.4"
        },
        "x86_64-linux": {
          "outputs": [
            {
              "name": "out",
              "path": "/nix/store/6fqrxllrx6b0s4jib7pwcq38nbihqd9p-govulncheck-1.1.4",
              "default": true
            }
          ],
          "store_path": "/nix/store/6fqrxllrx6b0s4jib7pwcq38nbihqd9p-govulncheck-1.1.4"
        }
      }
    },
    "just@1.40.0": {
      "last_modified": "2025-06-20T02:24:11Z",
      "resolved": "github:NixOS/nixpkgs/076e8c6678d8c54204abcb4b1b14c366835a58bb#just",
      "source": "devbox-search",
      "version": "1.40.0",
      "systems": {
        "aarch64-darwin": {
          "outputs": [
            {
              "name": "out",
              "path": "/nix/store/4v1457kd3dgip17z1ihdbmz75iw2pjr4-just-1.40.0",
              "default": true
            },
            {
              "name": "man",
              "path": "/nix/store/y03iqp8jsczmqkbqdwflkrmngzsxpygr-just-1.40.0-man",
              "default": true
            },
            {
              "name": "doc",
              "path": "/nix/store/x3bahjkn74r8pj3iimfxh4bx2mf8q3n2-just-1.40.0-doc"
            }
          ],
          "store_path": "/nix/store/4v1457kd3dgip17z1ihdbmz75iw2pjr4-just-1.40.0"
        },
        "aarch64-linux": {
          "outputs": [
            {
              "name": "out",
              "path": "/nix/store/gifnml1c5vyn5yyydmm72xfnbs9gz26x-just-1.40.0",
              "default": true
            },
            {
              "name": "man",
              "path": "/nix/store/iszvi2nz921mzzlv2lwzpb287ziv1jcn-just-1.40.0-man",
              "default": true
            },
            {
              "name": "doc",
              "path": "/nix/store/07mzqabzlrga8zmr6gm36v7w1xl9l0iq-just-1.40.0-doc"
            }
          ],
          "store_path": "/nix/store/gifnml1c5vyn5yyydmm72xfnbs9gz26x-just-1.40.0"
        },
        "x86_64-darwin": {
          "outputs": [
            {
              "name": "out",
              "path": "/nix/store/14fi0jwrlyh6sy569zi83m1h6gxn5i1w-just-1.40.0",
              "default": true
            },
            {
              "name": "man",
              "path": "/nix/store/glk3qw76bwq8li4lnpwsyc96s3dxqdym-just-1.40.0-man",
              "default": true
            },
            {
              "name": "doc",
              "path": "/nix/store/6dqy5d5kxmbzkwl5rlwiwi1k0prqbhd9-just-1.40.0-doc"
            }
          ],
          "store_path": "/nix/store/14fi0jwrlyh6sy569zi83m1h6gxn5i1w-just-1.40.0"
        },
        "x86_64-linux": {
          "outputs": [
            {
              "name": "out",
              "path": "/nix/store/wjgv4gr41xj5nzvibr8awfwbqa4j14g4-just-1.40.0",
              "default": true
            },
            {
              "name": "man",
              "path": "/nix/store/zyndijhm5l86md2cfvrvrzvr0r51kjc5-just-1.40.0-man",
              "default": true
            },
            {
              "name": "doc",
              "path": "/nix/store/k44kaxh1r325a11khwvwc50xj4zs6k7y-just-1.40.0-doc"
            }
          ],
          "store_path": "/nix/store/wjgv4gr41xj5nzvibr8awfwbqa4j14g4-just-1.40.0"
        }
      }
    },
    "lefthook@1.11.2": {
      "last_modified": "2025-03-18T04:27:45Z",
      "resolved": "github:NixOS/nixpkgs/3549532663732bfd89993204d40543e9edaec4f2#lefthook",
      "source": "devbox-search",
      "version": "1.11.2",
      "systems": {
        "aarch64-darwin": {
          "outputs": [
            {
              "name": "out",
              "path": "/nix/store/87wmbdwga09j6vh4j0853fhraizahx89-lefthook-1.11.2",
              "default": true
            }
          ],
          "store_path": "/nix/store/87wmbdwga09j6vh4j0853fhraizahx89-lefthook-1.11.2"
        },
        "aarch64-linux": {
          "outputs": [
            {
              "name": "out",
              "path": "/nix/store/wgqjbbcwvkvq3qfsrip859zr7hvsmmhf-lefthook-1.11.2",
              "default": true
            }
          ],
          "store_path": "/nix/store/wgqjbbcwvkvq3qfsrip859zr7hvsmmhf-lefthook-1.11.2"
        },
        "x86_64-darwin": {
          "outputs": [
            {
              "name": "out",
              "path": "/nix/store/0zg6fg5j0vlsy4ia7wdryd3svfq9g493-lefthook-1.11.2",
              "default": true
            }
          ],
          "store_path": "/nix/store/0zg6fg5j0vlsy4ia7wdryd3svfq9g493-lefthook-1.11.2"
        },
        "x86_64-linux": {
          "outputs": [
            {
              "name": "out",
              "path": "/nix/store/256fxn21pmpbgn6kfmg67s2aalbdf6hd-lefthook-1.11.2",
              "default": true
            }
          ],
          "store_path": "/nix/store/256fxn21pmpbgn6kfmg67s2aalbdf6hd-lefthook-1.11.2"
        }
      }
    },
    "moreutils@0.70": {
      "last_modified": "2025-06-20T02:24:11Z",
      "resolved": "github:NixOS/nixpkgs/076e8c6678d8c54204abcb4b1b14c366835a58bb#moreutils",
      "source": "devbox-search",
      "version": "0.70",
      "systems": {
        "aarch64-darwin": {
          "outputs": [
            {
              "name": "out",
              "path": "/nix/store/ggdm17m47b0fqdq7sd9b82x0f3fzvsdp-moreutils-0.70",
              "default": true
            }
          ],
          "store_path": "/nix/store/ggdm17m47b0fqdq7sd9b82x0f3fzvsdp-moreutils-0.70"
        },
        "aarch64-linux": {
          "outputs": [
            {
              "name": "out",
              "path": "/nix/store/bvsfcbsy64viqbn9gwih37dg60gfd6yr-moreutils-0.70",
              "default": true
            }
          ],
          "store_path": "/nix/store/bvsfcbsy64viqbn9gwih37dg60gfd6yr-moreutils-0.70"
        },
        "x86_64-darwin": {
          "outputs": [
            {
              "name": "out",
              "path": "/nix/store/f4qlkpzrn3sikdf6qcmvbsnph54lrn0n-moreutils-0.70",
              "default": true
            }
          ],
          "store_path": "/nix/store/f4qlkpzrn3sikdf6qcmvbsnph54lrn0n-moreutils-0.70"
        },
        "x86_64-linux": {
          "outputs": [
            {
              "name": "out",
              "path": "/nix/store/w8lab1n4r6nnchxvgl1lv76bj24r30dc-moreutils-0.70",
              "default": true
            }
          ],
          "store_path": "/nix/store/w8lab1n4r6nnchxvgl1lv76bj24r30dc-moreutils-0.70"
        }
      }
    },
    "ripgrep@14.1.1": {
      "last_modified": "2025-06-20T02:24:11Z",
      "resolved": "github:NixOS/nixpkgs/076e8c6678d8c54204abcb4b1b14c366835a58bb#ripgrep",
      "source": "devbox-search",
      "version": "14.1.1",
      "systems": {
        "aarch64-darwin": {
          "outputs": [
            {
              "name": "out",
              "path": "/nix/store/xygyyr4jqazmdmqf9x5pqkxnkcp9w0h8-ripgrep-14.1.1",
              "default": true
            }
          ],
          "store_path": "/nix/store/xygyyr4jqazmdmqf9x5pqkxnkcp9w0h8-ripgrep-14.1.1"
        },
        "aarch64-linux": {
          "outputs": [
            {
              "name": "out",
              "path": "/nix/store/7sbb7svbf8i6ffyyygn8siak2mbync0l-ripgrep-14.1.1",
              "default": true
            }
          ],
          "store_path": "/nix/store/7sbb7svbf8i6ffyyygn8siak2mbync0l-ripgrep-14.1.1"
        },
        "x86_64-darwin": {
          "outputs": [
            {
              "name": "out",
              "path": "/nix/store/p1avxlcrjpk93mfbzbkbwgcgxyj0avlc-ripgrep-14.1.1",
              "default": true
            }
          ],
          "store_path": "/nix/store/p1avxlcrjpk93mfbzbkbwgcgxyj0avlc-ripgrep-14.1.1"
        },
        "x86_64-linux": {
          "outputs": [
            {
              "name": "out",
              "path": "/nix/store/w2m5zrz3sla0bz1fmq2z9r2p0jbz4n9j-ripgrep-14.1.1",
              "default": true
            }
          ],
          "store_path": "/nix/store/w2m5zrz3sla0bz1fmq2z9r2p0jbz4n9j-ripgrep-14.1.1"
        }
      }
    },
    "shfmt@3.11.0": {
      "last_modified": "2025-06-20T02:24:11Z",
      "resolved": "github:NixOS/nixpkgs/076e8c6678d8c54204abcb4b1b14c366835a58bb#shfmt",
      "source": "devbox-search",
      "version": "3.11.0",
      "systems": {
        "aarch64-darwin": {
          "outputs": [
            {
              "name": "out",
              "path": "/nix/store/0iybql4yr8rwvfrlyg3d4cal5dsbag2r-shfmt-3.11.0",
              "default": true
            }
          ],
          "store_path": "/nix/store/0iybql4yr8rwvfrlyg3d4cal5dsbag2r-shfmt-3.11.0"
        },
        "aarch64-linux": {
          "outputs": [
            {
              "name": "out",
              "path": "/nix/store/4xmgdm8kxvsyp3piv7dgdd23ak4m09wb-shfmt-3.11.0",
              "default": true
            }
          ],
          "store_path": "/nix/store/4xmgdm8kxvsyp3piv7dgdd23ak4m09wb-shfmt-3.11.0"
        },
        "x86_64-darwin": {
          "outputs": [
            {
              "name": "out",
              "path": "/nix/store/6ly2yhqr2bq4vy4dw0wqs9g5i11byqzc-shfmt-3.11.0",
              "default": true
            }
          ],
          "store_path": "/nix/store/6ly2yhqr2bq4vy4dw0wqs9g5i11byqzc-shfmt-3.11.0"
        },
        "x86_64-linux": {
          "outputs": [
            {
              "name": "out",
              "path": "/nix/store/i2n1mira4g8wddjcd85mh8sccdgaf2q5-shfmt-3.11.0",
              "default": true
            }
          ],
          "store_path": "/nix/store/i2n1mira4g8wddjcd85mh8sccdgaf2q5-shfmt-3.11.0"
        }
      }
    }
  }
}
